// !$*UTF8*$!
{
	archiveVersion = 1;
	classes = {
	};
	objectVersion = 50;
	objects = {

/* Begin PBXBuildFile section */
		6B3835C3489ED7344E0DA3A0 /* Pods_Forest.framework in Frameworks */ = {isa = PBXBuildFile; fileRef = D14AD57642CB4C4BA43ED2B2 /* Pods_Forest.framework */; };
		F51FDFFB225C3A5D00E4DF5D /* NetworkResult.swift in Sources */ = {isa = PBXBuildFile; fileRef = F51FDFFA225C3A5D00E4DF5D /* NetworkResult.swift */; };
		F51FDFFF225C3D0200E4DF5D /* ResponseObject.swift in Sources */ = {isa = PBXBuildFile; fileRef = F51FDFFE225C3D0200E4DF5D /* ResponseObject.swift */; };
		F51FE001225C3D1900E4DF5D /* ResponseArray.swift in Sources */ = {isa = PBXBuildFile; fileRef = F51FE000225C3D1900E4DF5D /* ResponseArray.swift */; };
		F549BBF42253119400D50F70 /* SignUpVC.swift in Sources */ = {isa = PBXBuildFile; fileRef = F549BBF32253119400D50F70 /* SignUpVC.swift */; };
		F54B39B822A1755400881BF4 /* RentalList.swift in Sources */ = {isa = PBXBuildFile; fileRef = F54B39B722A1755400881BF4 /* RentalList.swift */; };
		F54B39BA22A175A800881BF4 /* RentalDate.swift in Sources */ = {isa = PBXBuildFile; fileRef = F54B39B922A175A800881BF4 /* RentalDate.swift */; };
		F54B39BD22A176C700881BF4 /* RentalService.swift in Sources */ = {isa = PBXBuildFile; fileRef = F54B39BC22A176C700881BF4 /* RentalService.swift */; };
		F54B39C622A277AD00881BF4 /* AuthVC.swift in Sources */ = {isa = PBXBuildFile; fileRef = F54B39C522A277AD00881BF4 /* AuthVC.swift */; };
		F564E9FA225C8C6D00D41D29 /* UIViewController+Extensions.swift in Sources */ = {isa = PBXBuildFile; fileRef = F564E9F9225C8C6D00D41D29 /* UIViewController+Extensions.swift */; };
		F58628DC228A7BB10037CA35 /* AuthService.swift in Sources */ = {isa = PBXBuildFile; fileRef = F58628DB228A7BB10037CA35 /* AuthService.swift */; };
		F58628DE228A7E860037CA35 /* UIImageView+Extensions.swift in Sources */ = {isa = PBXBuildFile; fileRef = F58628DD228A7E860037CA35 /* UIImageView+Extensions.swift */; };
		F58628E0228A891F0037CA35 /* Token.swift in Sources */ = {isa = PBXBuildFile; fileRef = F58628DF228A891F0037CA35 /* Token.swift */; };
		F5925C85224A02D600D30C32 /* UIView+Extensions.swift in Sources */ = {isa = PBXBuildFile; fileRef = F5925C84224A02D600D30C32 /* UIView+Extensions.swift */; };
		F5C0CBF322C155E90013B60E /* TimetableCell.swift in Sources */ = {isa = PBXBuildFile; fileRef = F5C0CBF222C155E90013B60E /* TimetableCell.swift */; };
		F5C0CBF722C15C270013B60E /* RentalStateList.swift in Sources */ = {isa = PBXBuildFile; fileRef = F5C0CBF622C15C270013B60E /* RentalStateList.swift */; };
		F5C0CBF922C15F0E0013B60E /* Timetable.swift in Sources */ = {isa = PBXBuildFile; fileRef = F5C0CBF822C15F0E0013B60E /* Timetable.swift */; };
		F5C0CBFE22C191690013B60E /* RentalRequestVC.swift in Sources */ = {isa = PBXBuildFile; fileRef = F5C0CBFD22C191690013B60E /* RentalRequestVC.swift */; };
		F5C0CC0022C1AD650013B60E /* StudentInfo.swift in Sources */ = {isa = PBXBuildFile; fileRef = F5C0CBFF22C1AD650013B60E /* StudentInfo.swift */; };
		F5C350C222BF62EB00D33709 /* BuildingCell.swift in Sources */ = {isa = PBXBuildFile; fileRef = F5C350C122BF62EB00D33709 /* BuildingCell.swift */; };
		F5C350CA22BFD1D300D33709 /* RentalListCell.swift in Sources */ = {isa = PBXBuildFile; fileRef = F5C350C922BFD1D300D33709 /* RentalListCell.swift */; };
		F5C350CD22BFE91F00D33709 /* ClassroomCell.swift in Sources */ = {isa = PBXBuildFile; fileRef = F5C350CC22BFE91F00D33709 /* ClassroomCell.swift */; };
		F5C350CF22BFEB3500D33709 /* Classroom.swift in Sources */ = {isa = PBXBuildFile; fileRef = F5C350CE22BFEB3500D33709 /* Classroom.swift */; };
		F5C350D122C0B83200D33709 /* DateVC.swift in Sources */ = {isa = PBXBuildFile; fileRef = F5C350D022C0B83200D33709 /* DateVC.swift */; };
		F5CB51AA22772C87004764AC /* Main.storyboard in Resources */ = {isa = PBXBuildFile; fileRef = F5CB51A922772C87004764AC /* Main.storyboard */; };
		F5CB51AE22772CCE004764AC /* MainVC.swift in Sources */ = {isa = PBXBuildFile; fileRef = F5CB51AD22772CCE004764AC /* MainVC.swift */; };
		F5CB51B122772CEA004764AC /* BuildingVC.swift in Sources */ = {isa = PBXBuildFile; fileRef = F5CB51B022772CEA004764AC /* BuildingVC.swift */; };
		F5CB51B6227852E9004764AC /* Building.swift in Sources */ = {isa = PBXBuildFile; fileRef = F5CB51B5227852E9004764AC /* Building.swift */; };
		F5DB037B2240979C004B4041 /* AppDelegate.swift in Sources */ = {isa = PBXBuildFile; fileRef = F5DB037A2240979C004B4041 /* AppDelegate.swift */; };
		F5DB037D2240979C004B4041 /* LoginVC.swift in Sources */ = {isa = PBXBuildFile; fileRef = F5DB037C2240979C004B4041 /* LoginVC.swift */; };
		F5DB03802240979C004B4041 /* Login.storyboard in Resources */ = {isa = PBXBuildFile; fileRef = F5DB037E2240979C004B4041 /* Login.storyboard */; };
		F5DB03822240979D004B4041 /* Assets.xcassets in Resources */ = {isa = PBXBuildFile; fileRef = F5DB03812240979D004B4041 /* Assets.xcassets */; };
		F5DB03852240979D004B4041 /* LaunchScreen.storyboard in Resources */ = {isa = PBXBuildFile; fileRef = F5DB03832240979D004B4041 /* LaunchScreen.storyboard */; };
		F5F25A3D229F568F004C18EC /* APIConstants.swift in Sources */ = {isa = PBXBuildFile; fileRef = F5F25A3C229F568F004C18EC /* APIConstants.swift */; };
		F5F25A41229F5C53004C18EC /* ResponseDefault.swift in Sources */ = {isa = PBXBuildFile; fileRef = F5F25A40229F5C53004C18EC /* ResponseDefault.swift */; };
/* End PBXBuildFile section */

/* Begin PBXFileReference section */
		27010F7633D9A8BF7CE79559 /* Pods-Forest.release.xcconfig */ = {isa = PBXFileReference; includeInIndex = 1; lastKnownFileType = text.xcconfig; name = "Pods-Forest.release.xcconfig"; path = "Pods/Target Support Files/Pods-Forest/Pods-Forest.release.xcconfig"; sourceTree = "<group>"; };
		37AB27D388DE112131591564 /* Pods-Forest.debug.xcconfig */ = {isa = PBXFileReference; includeInIndex = 1; lastKnownFileType = text.xcconfig; name = "Pods-Forest.debug.xcconfig"; path = "Pods/Target Support Files/Pods-Forest/Pods-Forest.debug.xcconfig"; sourceTree = "<group>"; };
		D14AD57642CB4C4BA43ED2B2 /* Pods_Forest.framework */ = {isa = PBXFileReference; explicitFileType = wrapper.framework; includeInIndex = 0; path = Pods_Forest.framework; sourceTree = BUILT_PRODUCTS_DIR; };
		F51FDFFA225C3A5D00E4DF5D /* NetworkResult.swift */ = {isa = PBXFileReference; lastKnownFileType = sourcecode.swift; path = NetworkResult.swift; sourceTree = "<group>"; };
		F51FDFFE225C3D0200E4DF5D /* ResponseObject.swift */ = {isa = PBXFileReference; lastKnownFileType = sourcecode.swift; path = ResponseObject.swift; sourceTree = "<group>"; };
		F51FE000225C3D1900E4DF5D /* ResponseArray.swift */ = {isa = PBXFileReference; lastKnownFileType = sourcecode.swift; path = ResponseArray.swift; sourceTree = "<group>"; };
		F549BBF32253119400D50F70 /* SignUpVC.swift */ = {isa = PBXFileReference; lastKnownFileType = sourcecode.swift; path = SignUpVC.swift; sourceTree = "<group>"; };
		F54B39B722A1755400881BF4 /* RentalList.swift */ = {isa = PBXFileReference; lastKnownFileType = sourcecode.swift; path = RentalList.swift; sourceTree = "<group>"; };
		F54B39B922A175A800881BF4 /* RentalDate.swift */ = {isa = PBXFileReference; lastKnownFileType = sourcecode.swift; path = RentalDate.swift; sourceTree = "<group>"; };
		F54B39BC22A176C700881BF4 /* RentalService.swift */ = {isa = PBXFileReference; lastKnownFileType = sourcecode.swift; path = RentalService.swift; sourceTree = "<group>"; };
		F54B39C522A277AD00881BF4 /* AuthVC.swift */ = {isa = PBXFileReference; lastKnownFileType = sourcecode.swift; path = AuthVC.swift; sourceTree = "<group>"; };
		F564E9F9225C8C6D00D41D29 /* UIViewController+Extensions.swift */ = {isa = PBXFileReference; lastKnownFileType = sourcecode.swift; path = "UIViewController+Extensions.swift"; sourceTree = "<group>"; };
		F58628DB228A7BB10037CA35 /* AuthService.swift */ = {isa = PBXFileReference; lastKnownFileType = sourcecode.swift; path = AuthService.swift; sourceTree = "<group>"; };
		F58628DD228A7E860037CA35 /* UIImageView+Extensions.swift */ = {isa = PBXFileReference; lastKnownFileType = sourcecode.swift; path = "UIImageView+Extensions.swift"; sourceTree = "<group>"; };
		F58628DF228A891F0037CA35 /* Token.swift */ = {isa = PBXFileReference; lastKnownFileType = sourcecode.swift; path = Token.swift; sourceTree = "<group>"; };
		F5925C84224A02D600D30C32 /* UIView+Extensions.swift */ = {isa = PBXFileReference; lastKnownFileType = sourcecode.swift; path = "UIView+Extensions.swift"; sourceTree = "<group>"; };
		F5C0CBF222C155E90013B60E /* TimetableCell.swift */ = {isa = PBXFileReference; lastKnownFileType = sourcecode.swift; path = TimetableCell.swift; sourceTree = "<group>"; };
		F5C0CBF622C15C270013B60E /* RentalStateList.swift */ = {isa = PBXFileReference; lastKnownFileType = sourcecode.swift; path = RentalStateList.swift; sourceTree = "<group>"; };
		F5C0CBF822C15F0E0013B60E /* Timetable.swift */ = {isa = PBXFileReference; lastKnownFileType = sourcecode.swift; path = Timetable.swift; sourceTree = "<group>"; };
		F5C0CBFD22C191690013B60E /* RentalRequestVC.swift */ = {isa = PBXFileReference; lastKnownFileType = sourcecode.swift; path = RentalRequestVC.swift; sourceTree = "<group>"; };
		F5C0CBFF22C1AD650013B60E /* StudentInfo.swift */ = {isa = PBXFileReference; lastKnownFileType = sourcecode.swift; path = StudentInfo.swift; sourceTree = "<group>"; };
		F5C350C122BF62EB00D33709 /* BuildingCell.swift */ = {isa = PBXFileReference; lastKnownFileType = sourcecode.swift; path = BuildingCell.swift; sourceTree = "<group>"; };
		F5C350C922BFD1D300D33709 /* RentalListCell.swift */ = {isa = PBXFileReference; lastKnownFileType = sourcecode.swift; path = RentalListCell.swift; sourceTree = "<group>"; };
		F5C350CC22BFE91F00D33709 /* ClassroomCell.swift */ = {isa = PBXFileReference; lastKnownFileType = sourcecode.swift; path = ClassroomCell.swift; sourceTree = "<group>"; };
		F5C350CE22BFEB3500D33709 /* Classroom.swift */ = {isa = PBXFileReference; lastKnownFileType = sourcecode.swift; path = Classroom.swift; sourceTree = "<group>"; };
		F5C350D022C0B83200D33709 /* DateVC.swift */ = {isa = PBXFileReference; lastKnownFileType = sourcecode.swift; path = DateVC.swift; sourceTree = "<group>"; };
		F5CB51A922772C87004764AC /* Main.storyboard */ = {isa = PBXFileReference; lastKnownFileType = file.storyboard; path = Main.storyboard; sourceTree = "<group>"; };
		F5CB51AD22772CCE004764AC /* MainVC.swift */ = {isa = PBXFileReference; lastKnownFileType = sourcecode.swift; path = MainVC.swift; sourceTree = "<group>"; };
		F5CB51B022772CEA004764AC /* BuildingVC.swift */ = {isa = PBXFileReference; lastKnownFileType = sourcecode.swift; path = BuildingVC.swift; sourceTree = "<group>"; };
		F5CB51B5227852E9004764AC /* Building.swift */ = {isa = PBXFileReference; lastKnownFileType = sourcecode.swift; path = Building.swift; sourceTree = "<group>"; };
		F5DB03772240979C004B4041 /* Forest.app */ = {isa = PBXFileReference; explicitFileType = wrapper.application; includeInIndex = 0; path = Forest.app; sourceTree = BUILT_PRODUCTS_DIR; };
		F5DB037A2240979C004B4041 /* AppDelegate.swift */ = {isa = PBXFileReference; lastKnownFileType = sourcecode.swift; path = AppDelegate.swift; sourceTree = "<group>"; };
		F5DB037C2240979C004B4041 /* LoginVC.swift */ = {isa = PBXFileReference; lastKnownFileType = sourcecode.swift; path = LoginVC.swift; sourceTree = "<group>"; };
		F5DB037F2240979C004B4041 /* Base */ = {isa = PBXFileReference; lastKnownFileType = file.storyboard; name = Base; path = Base.lproj/Login.storyboard; sourceTree = "<group>"; };
		F5DB03812240979D004B4041 /* Assets.xcassets */ = {isa = PBXFileReference; lastKnownFileType = folder.assetcatalog; path = Assets.xcassets; sourceTree = "<group>"; };
		F5DB03842240979D004B4041 /* Base */ = {isa = PBXFileReference; lastKnownFileType = file.storyboard; name = Base; path = Base.lproj/LaunchScreen.storyboard; sourceTree = "<group>"; };
		F5DB03862240979D004B4041 /* Info.plist */ = {isa = PBXFileReference; lastKnownFileType = text.plist.xml; path = Info.plist; sourceTree = "<group>"; };
		F5F25A3C229F568F004C18EC /* APIConstants.swift */ = {isa = PBXFileReference; lastKnownFileType = sourcecode.swift; path = APIConstants.swift; sourceTree = "<group>"; };
		F5F25A40229F5C53004C18EC /* ResponseDefault.swift */ = {isa = PBXFileReference; lastKnownFileType = sourcecode.swift; path = ResponseDefault.swift; sourceTree = "<group>"; };
/* End PBXFileReference section */

/* Begin PBXFrameworksBuildPhase section */
		F5DB03742240979C004B4041 /* Frameworks */ = {
			isa = PBXFrameworksBuildPhase;
			buildActionMask = 2147483647;
			files = (
				6B3835C3489ED7344E0DA3A0 /* Pods_Forest.framework in Frameworks */,
			);
			runOnlyForDeploymentPostprocessing = 0;
		};
/* End PBXFrameworksBuildPhase section */

/* Begin PBXGroup section */
		611BF5A915AFE2D2762EB6D9 /* Pods */ = {
			isa = PBXGroup;
			children = (
				37AB27D388DE112131591564 /* Pods-Forest.debug.xcconfig */,
				27010F7633D9A8BF7CE79559 /* Pods-Forest.release.xcconfig */,
			);
			name = Pods;
			sourceTree = "<group>";
		};
		76625EAB94C40F41E089B484 /* Frameworks */ = {
			isa = PBXGroup;
			children = (
				D14AD57642CB4C4BA43ED2B2 /* Pods_Forest.framework */,
			);
			name = Frameworks;
			sourceTree = "<group>";
		};
		F51FDFF2225C39D800E4DF5D /* Common */ = {
			isa = PBXGroup;
			children = (
				F51FDFFA225C3A5D00E4DF5D /* NetworkResult.swift */,
				F5F25A3C229F568F004C18EC /* APIConstants.swift */,
			);
			path = Common;
			sourceTree = "<group>";
		};
		F51FDFFC225C3CC600E4DF5D /* Auth */ = {
			isa = PBXGroup;
			children = (
				F58628DB228A7BB10037CA35 /* AuthService.swift */,
			);
			path = Auth;
			sourceTree = "<group>";
		};
		F51FDFFD225C3CEE00E4DF5D /* Common */ = {
			isa = PBXGroup;
			children = (
				F51FDFFE225C3D0200E4DF5D /* ResponseObject.swift */,
				F51FE000225C3D1900E4DF5D /* ResponseArray.swift */,
				F5F25A40229F5C53004C18EC /* ResponseDefault.swift */,
			);
			path = Common;
			sourceTree = "<group>";
		};
		F535AE9E2281512A00001BCD /* Main */ = {
			isa = PBXGroup;
			children = (
				F5C350C122BF62EB00D33709 /* BuildingCell.swift */,
				F5C350C922BFD1D300D33709 /* RentalListCell.swift */,
			);
			path = Main;
			sourceTree = "<group>";
		};
		F54B39B622A1754C00881BF4 /* Rental */ = {
			isa = PBXGroup;
			children = (
				F54B39B722A1755400881BF4 /* RentalList.swift */,
				F54B39B922A175A800881BF4 /* RentalDate.swift */,
				F5C0CBF622C15C270013B60E /* RentalStateList.swift */,
				F5C350CE22BFEB3500D33709 /* Classroom.swift */,
			);
			path = Rental;
			sourceTree = "<group>";
		};
		F54B39BB22A176C000881BF4 /* Rental */ = {
			isa = PBXGroup;
			children = (
				F54B39BC22A176C700881BF4 /* RentalService.swift */,
			);
			path = Rental;
			sourceTree = "<group>";
		};
		F58628DA228A7B9A0037CA35 /* Auth */ = {
			isa = PBXGroup;
			children = (
				F58628DF228A891F0037CA35 /* Token.swift */,
				F5C0CBFF22C1AD650013B60E /* StudentInfo.swift */,
			);
			path = Auth;
			sourceTree = "<group>";
		};
		F5925C7B2249FAB400D30C32 /* Resources */ = {
			isa = PBXGroup;
			children = (
				F5925C7D2249FADC00D30C32 /* Storyboards */,
				F5DB03862240979D004B4041 /* Info.plist */,
				F5DB03812240979D004B4041 /* Assets.xcassets */,
			);
			path = Resources;
			sourceTree = "<group>";
		};
		F5925C7C2249FABC00D30C32 /* Sources */ = {
			isa = PBXGroup;
			children = (
				F5DB037A2240979C004B4041 /* AppDelegate.swift */,
				F5925C832249FB1800D30C32 /* APIServices */,
				F5925C822249FB1300D30C32 /* Extensions */,
				F5925C812249FB0700D30C32 /* Models */,
				F5925C802249FB0300D30C32 /* Views */,
				F5925C7F2249FAF700D30C32 /* ViewControllers */,
			);
			path = Sources;
			sourceTree = "<group>";
		};
		F5925C7D2249FADC00D30C32 /* Storyboards */ = {
			isa = PBXGroup;
			children = (
				F5DB03832240979D004B4041 /* LaunchScreen.storyboard */,
				F5DB037E2240979C004B4041 /* Login.storyboard */,
				F5CB51A922772C87004764AC /* Main.storyboard */,
			);
			path = Storyboards;
			sourceTree = "<group>";
		};
		F5925C7F2249FAF700D30C32 /* ViewControllers */ = {
			isa = PBXGroup;
			children = (
				F5CB51AB22772CB6004764AC /* Login */,
				F5CB51AC22772CBE004764AC /* Main */,
			);
			path = ViewControllers;
			sourceTree = "<group>";
		};
		F5925C802249FB0300D30C32 /* Views */ = {
			isa = PBXGroup;
			children = (
				F535AE9E2281512A00001BCD /* Main */,
				F5C350CB22BFE90600D33709 /* Rental */,
			);
			path = Views;
			sourceTree = "<group>";
		};
		F5925C812249FB0700D30C32 /* Models */ = {
			isa = PBXGroup;
			children = (
				F54B39B622A1754C00881BF4 /* Rental */,
				F58628DA228A7B9A0037CA35 /* Auth */,
				F5CB51B4227852E1004764AC /* Building */,
				F51FDFFD225C3CEE00E4DF5D /* Common */,
			);
			path = Models;
			sourceTree = "<group>";
		};
		F5925C822249FB1300D30C32 /* Extensions */ = {
			isa = PBXGroup;
			children = (
				F5925C84224A02D600D30C32 /* UIView+Extensions.swift */,
				F58628DD228A7E860037CA35 /* UIImageView+Extensions.swift */,
				F564E9F9225C8C6D00D41D29 /* UIViewController+Extensions.swift */,
			);
			path = Extensions;
			sourceTree = "<group>";
		};
		F5925C832249FB1800D30C32 /* APIServices */ = {
			isa = PBXGroup;
			children = (
				F51FDFFC225C3CC600E4DF5D /* Auth */,
				F51FDFF2225C39D800E4DF5D /* Common */,
				F54B39BB22A176C000881BF4 /* Rental */,
			);
			path = APIServices;
			sourceTree = "<group>";
		};
		F5C350CB22BFE90600D33709 /* Rental */ = {
			isa = PBXGroup;
			children = (
				F5C350CC22BFE91F00D33709 /* ClassroomCell.swift */,
				F5C0CBF222C155E90013B60E /* TimetableCell.swift */,
			);
			path = Rental;
			sourceTree = "<group>";
		};
		F5CB51AB22772CB6004764AC /* Login */ = {
			isa = PBXGroup;
			children = (
				F5DB037C2240979C004B4041 /* LoginVC.swift */,
				F549BBF32253119400D50F70 /* SignUpVC.swift */,
				F54B39C522A277AD00881BF4 /* AuthVC.swift */,
			);
			path = Login;
			sourceTree = "<group>";
		};
		F5CB51AC22772CBE004764AC /* Main */ = {
			isa = PBXGroup;
			children = (
				F5CB51AD22772CCE004764AC /* MainVC.swift */,
				F5CB51B022772CEA004764AC /* BuildingVC.swift */,
				F5C350D022C0B83200D33709 /* DateVC.swift */,
				F5C0CBFD22C191690013B60E /* RentalRequestVC.swift */,
			);
			path = Main;
			sourceTree = "<group>";
		};
		F5CB51B4227852E1004764AC /* Building */ = {
			isa = PBXGroup;
			children = (
				F5CB51B5227852E9004764AC /* Building.swift */,
				F5C0CBF822C15F0E0013B60E /* Timetable.swift */,
			);
			path = Building;
			sourceTree = "<group>";
		};
		F5DB036E2240979C004B4041 = {
			isa = PBXGroup;
			children = (
				F5DB03792240979C004B4041 /* Forest */,
				F5DB03782240979C004B4041 /* Products */,
				611BF5A915AFE2D2762EB6D9 /* Pods */,
				76625EAB94C40F41E089B484 /* Frameworks */,
			);
			sourceTree = "<group>";
		};
		F5DB03782240979C004B4041 /* Products */ = {
			isa = PBXGroup;
			children = (
				F5DB03772240979C004B4041 /* Forest.app */,
			);
			name = Products;
			sourceTree = "<group>";
		};
		F5DB03792240979C004B4041 /* Forest */ = {
			isa = PBXGroup;
			children = (
				F5925C7C2249FABC00D30C32 /* Sources */,
				F5925C7B2249FAB400D30C32 /* Resources */,
			);
			path = Forest;
			sourceTree = "<group>";
		};
/* End PBXGroup section */

/* Begin PBXNativeTarget section */
		F5DB03762240979C004B4041 /* Forest */ = {
			isa = PBXNativeTarget;
			buildConfigurationList = F5DB03892240979D004B4041 /* Build configuration list for PBXNativeTarget "Forest" */;
			buildPhases = (
				D9270D01F8CFFD5103C8CE46 /* [CP] Check Pods Manifest.lock */,
				F5DB03732240979C004B4041 /* Sources */,
				F5DB03742240979C004B4041 /* Frameworks */,
				F5DB03752240979C004B4041 /* Resources */,
				5F3A5AF35979EE9028D385B3 /* [CP] Embed Pods Frameworks */,
			);
			buildRules = (
			);
			dependencies = (
			);
			name = Forest;
			productName = Forest;
			productReference = F5DB03772240979C004B4041 /* Forest.app */;
			productType = "com.apple.product-type.application";
		};
/* End PBXNativeTarget section */

/* Begin PBXProject section */
		F5DB036F2240979C004B4041 /* Project object */ = {
			isa = PBXProject;
			attributes = {
				LastSwiftUpdateCheck = 1010;
				LastUpgradeCheck = 1010;
				ORGANIZATIONNAME = wookeon;
				TargetAttributes = {
					F5DB03762240979C004B4041 = {
						CreatedOnToolsVersion = 10.1;
						LastSwiftMigration = 1020;
					};
				};
			};
			buildConfigurationList = F5DB03722240979C004B4041 /* Build configuration list for PBXProject "Forest" */;
			compatibilityVersion = "Xcode 9.3";
			developmentRegion = en;
			hasScannedForEncodings = 0;
			knownRegions = (
				en,
				Base,
			);
			mainGroup = F5DB036E2240979C004B4041;
			productRefGroup = F5DB03782240979C004B4041 /* Products */;
			projectDirPath = "";
			projectRoot = "";
			targets = (
				F5DB03762240979C004B4041 /* Forest */,
			);
		};
/* End PBXProject section */

/* Begin PBXResourcesBuildPhase section */
		F5DB03752240979C004B4041 /* Resources */ = {
			isa = PBXResourcesBuildPhase;
			buildActionMask = 2147483647;
			files = (
				F5DB03852240979D004B4041 /* LaunchScreen.storyboard in Resources */,
				F5DB03822240979D004B4041 /* Assets.xcassets in Resources */,
				F5DB03802240979C004B4041 /* Login.storyboard in Resources */,
				F5CB51AA22772C87004764AC /* Main.storyboard in Resources */,
			);
			runOnlyForDeploymentPostprocessing = 0;
		};
/* End PBXResourcesBuildPhase section */

/* Begin PBXShellScriptBuildPhase section */
		5F3A5AF35979EE9028D385B3 /* [CP] Embed Pods Frameworks */ = {
			isa = PBXShellScriptBuildPhase;
			buildActionMask = 2147483647;
			files = (
			);
			inputFileListPaths = (
			);
			inputPaths = (
				"${SRCROOT}/Pods/Target Support Files/Pods-Forest/Pods-Forest-frameworks.sh",
				"${BUILT_PRODUCTS_DIR}/Alamofire/Alamofire.framework",
				"${BUILT_PRODUCTS_DIR}/NVActivityIndicatorView/NVActivityIndicatorView.framework",
				"${BUILT_PRODUCTS_DIR}/ScrollableDatepicker/ScrollableDatepicker.framework",
				"${BUILT_PRODUCTS_DIR}/SideMenu/SideMenu.framework",
			);
			name = "[CP] Embed Pods Frameworks";
			outputFileListPaths = (
			);
			outputPaths = (
				"${TARGET_BUILD_DIR}/${FRAMEWORKS_FOLDER_PATH}/Alamofire.framework",
				"${TARGET_BUILD_DIR}/${FRAMEWORKS_FOLDER_PATH}/NVActivityIndicatorView.framework",
				"${TARGET_BUILD_DIR}/${FRAMEWORKS_FOLDER_PATH}/ScrollableDatepicker.framework",
				"${TARGET_BUILD_DIR}/${FRAMEWORKS_FOLDER_PATH}/SideMenu.framework",
			);
			runOnlyForDeploymentPostprocessing = 0;
			shellPath = /bin/sh;
			shellScript = "\"${SRCROOT}/Pods/Target Support Files/Pods-Forest/Pods-Forest-frameworks.sh\"\n";
			showEnvVarsInLog = 0;
		};
		D9270D01F8CFFD5103C8CE46 /* [CP] Check Pods Manifest.lock */ = {
			isa = PBXShellScriptBuildPhase;
			buildActionMask = 2147483647;
			files = (
			);
			inputFileListPaths = (
			);
			inputPaths = (
				"${PODS_PODFILE_DIR_PATH}/Podfile.lock",
				"${PODS_ROOT}/Manifest.lock",
			);
			name = "[CP] Check Pods Manifest.lock";
			outputFileListPaths = (
			);
			outputPaths = (
				"$(DERIVED_FILE_DIR)/Pods-Forest-checkManifestLockResult.txt",
			);
			runOnlyForDeploymentPostprocessing = 0;
			shellPath = /bin/sh;
			shellScript = "diff \"${PODS_PODFILE_DIR_PATH}/Podfile.lock\" \"${PODS_ROOT}/Manifest.lock\" > /dev/null\nif [ $? != 0 ] ; then\n    # print error to STDERR\n    echo \"error: The sandbox is not in sync with the Podfile.lock. Run 'pod install' or update your CocoaPods installation.\" >&2\n    exit 1\nfi\n# This output is used by Xcode 'outputs' to avoid re-running this script phase.\necho \"SUCCESS\" > \"${SCRIPT_OUTPUT_FILE_0}\"\n";
			showEnvVarsInLog = 0;
		};
/* End PBXShellScriptBuildPhase section */

/* Begin PBXSourcesBuildPhase section */
		F5DB03732240979C004B4041 /* Sources */ = {
			isa = PBXSourcesBuildPhase;
			buildActionMask = 2147483647;
			files = (
				F5CB51B122772CEA004764AC /* BuildingVC.swift in Sources */,
				F5CB51AE22772CCE004764AC /* MainVC.swift in Sources */,
				F5925C85224A02D600D30C32 /* UIView+Extensions.swift in Sources */,
				F5DB037D2240979C004B4041 /* LoginVC.swift in Sources */,
				F549BBF42253119400D50F70 /* SignUpVC.swift in Sources */,
				F5C350CF22BFEB3500D33709 /* Classroom.swift in Sources */,
				F54B39BD22A176C700881BF4 /* RentalService.swift in Sources */,
				F5C0CBF322C155E90013B60E /* TimetableCell.swift in Sources */,
				F51FE001225C3D1900E4DF5D /* ResponseArray.swift in Sources */,
				F5C350CA22BFD1D300D33709 /* RentalListCell.swift in Sources */,
				F5CB51B6227852E9004764AC /* Building.swift in Sources */,
				F54B39BA22A175A800881BF4 /* RentalDate.swift in Sources */,
				F5C350C222BF62EB00D33709 /* BuildingCell.swift in Sources */,
				F5C0CBF922C15F0E0013B60E /* Timetable.swift in Sources */,
				F54B39B822A1755400881BF4 /* RentalList.swift in Sources */,
				F564E9FA225C8C6D00D41D29 /* UIViewController+Extensions.swift in Sources */,
				F5DB037B2240979C004B4041 /* AppDelegate.swift in Sources */,
				F58628DC228A7BB10037CA35 /* AuthService.swift in Sources */,
				F5C0CBFE22C191690013B60E /* RentalRequestVC.swift in Sources */,
				F51FDFFF225C3D0200E4DF5D /* ResponseObject.swift in Sources */,
				F5C0CBF722C15C270013B60E /* RentalStateList.swift in Sources */,
				F5C0CC0022C1AD650013B60E /* StudentInfo.swift in Sources */,
				F5F25A3D229F568F004C18EC /* APIConstants.swift in Sources */,
				F5C350CD22BFE91F00D33709 /* ClassroomCell.swift in Sources */,
				F5F25A41229F5C53004C18EC /* ResponseDefault.swift in Sources */,
				F58628DE228A7E860037CA35 /* UIImageView+Extensions.swift in Sources */,
				F54B39C622A277AD00881BF4 /* AuthVC.swift in Sources */,
				F5C350D122C0B83200D33709 /* DateVC.swift in Sources */,
				F58628E0228A891F0037CA35 /* Token.swift in Sources */,
				F51FDFFB225C3A5D00E4DF5D /* NetworkResult.swift in Sources */,
			);
			runOnlyForDeploymentPostprocessing = 0;
		};
/* End PBXSourcesBuildPhase section */

/* Begin PBXVariantGroup section */
		F5DB037E2240979C004B4041 /* Login.storyboard */ = {
			isa = PBXVariantGroup;
			children = (
				F5DB037F2240979C004B4041 /* Base */,
			);
			name = Login.storyboard;
			sourceTree = "<group>";
		};
		F5DB03832240979D004B4041 /* LaunchScreen.storyboard */ = {
			isa = PBXVariantGroup;
			children = (
				F5DB03842240979D004B4041 /* Base */,
			);
			name = LaunchScreen.storyboard;
			sourceTree = "<group>";
		};
/* End PBXVariantGroup section */

/* Begin XCBuildConfiguration section */
		F5DB03872240979D004B4041 /* Debug */ = {
			isa = XCBuildConfiguration;
			buildSettings = {
				ALWAYS_SEARCH_USER_PATHS = NO;
				CLANG_ANALYZER_NONNULL = YES;
				CLANG_ANALYZER_NUMBER_OBJECT_CONVERSION = YES_AGGRESSIVE;
				CLANG_CXX_LANGUAGE_STANDARD = "gnu++14";
				CLANG_CXX_LIBRARY = "libc++";
				CLANG_ENABLE_MODULES = YES;
				CLANG_ENABLE_OBJC_ARC = YES;
				CLANG_ENABLE_OBJC_WEAK = YES;
				CLANG_WARN_BLOCK_CAPTURE_AUTORELEASING = YES;
				CLANG_WARN_BOOL_CONVERSION = YES;
				CLANG_WARN_COMMA = YES;
				CLANG_WARN_CONSTANT_CONVERSION = YES;
				CLANG_WARN_DEPRECATED_OBJC_IMPLEMENTATIONS = YES;
				CLANG_WARN_DIRECT_OBJC_ISA_USAGE = YES_ERROR;
				CLANG_WARN_DOCUMENTATION_COMMENTS = YES;
				CLANG_WARN_EMPTY_BODY = YES;
				CLANG_WARN_ENUM_CONVERSION = YES;
				CLANG_WARN_INFINITE_RECURSION = YES;
				CLANG_WARN_INT_CONVERSION = YES;
				CLANG_WARN_NON_LITERAL_NULL_CONVERSION = YES;
				CLANG_WARN_OBJC_IMPLICIT_RETAIN_SELF = YES;
				CLANG_WARN_OBJC_LITERAL_CONVERSION = YES;
				CLANG_WARN_OBJC_ROOT_CLASS = YES_ERROR;
				CLANG_WARN_RANGE_LOOP_ANALYSIS = YES;
				CLANG_WARN_STRICT_PROTOTYPES = YES;
				CLANG_WARN_SUSPICIOUS_MOVE = YES;
				CLANG_WARN_UNGUARDED_AVAILABILITY = YES_AGGRESSIVE;
				CLANG_WARN_UNREACHABLE_CODE = YES;
				CLANG_WARN__DUPLICATE_METHOD_MATCH = YES;
				CODE_SIGN_IDENTITY = "iPhone Developer";
				COPY_PHASE_STRIP = NO;
				DEBUG_INFORMATION_FORMAT = dwarf;
				ENABLE_STRICT_OBJC_MSGSEND = YES;
				ENABLE_TESTABILITY = YES;
				GCC_C_LANGUAGE_STANDARD = gnu11;
				GCC_DYNAMIC_NO_PIC = NO;
				GCC_NO_COMMON_BLOCKS = YES;
				GCC_OPTIMIZATION_LEVEL = 0;
				GCC_PREPROCESSOR_DEFINITIONS = (
					"DEBUG=1",
					"$(inherited)",
				);
				GCC_WARN_64_TO_32_BIT_CONVERSION = YES;
				GCC_WARN_ABOUT_RETURN_TYPE = YES_ERROR;
				GCC_WARN_UNDECLARED_SELECTOR = YES;
				GCC_WARN_UNINITIALIZED_AUTOS = YES_AGGRESSIVE;
				GCC_WARN_UNUSED_FUNCTION = YES;
				GCC_WARN_UNUSED_VARIABLE = YES;
				IPHONEOS_DEPLOYMENT_TARGET = 12.1;
				MTL_ENABLE_DEBUG_INFO = INCLUDE_SOURCE;
				MTL_FAST_MATH = YES;
				ONLY_ACTIVE_ARCH = YES;
				SDKROOT = iphoneos;
				SWIFT_ACTIVE_COMPILATION_CONDITIONS = DEBUG;
				SWIFT_OPTIMIZATION_LEVEL = "-Onone";
			};
			name = Debug;
		};
		F5DB03882240979D004B4041 /* Release */ = {
			isa = XCBuildConfiguration;
			buildSettings = {
				ALWAYS_SEARCH_USER_PATHS = NO;
				CLANG_ANALYZER_NONNULL = YES;
				CLANG_ANALYZER_NUMBER_OBJECT_CONVERSION = YES_AGGRESSIVE;
				CLANG_CXX_LANGUAGE_STANDARD = "gnu++14";
				CLANG_CXX_LIBRARY = "libc++";
				CLANG_ENABLE_MODULES = YES;
				CLANG_ENABLE_OBJC_ARC = YES;
				CLANG_ENABLE_OBJC_WEAK = YES;
				CLANG_WARN_BLOCK_CAPTURE_AUTORELEASING = YES;
				CLANG_WARN_BOOL_CONVERSION = YES;
				CLANG_WARN_COMMA = YES;
				CLANG_WARN_CONSTANT_CONVERSION = YES;
				CLANG_WARN_DEPRECATED_OBJC_IMPLEMENTATIONS = YES;
				CLANG_WARN_DIRECT_OBJC_ISA_USAGE = YES_ERROR;
				CLANG_WARN_DOCUMENTATION_COMMENTS = YES;
				CLANG_WARN_EMPTY_BODY = YES;
				CLANG_WARN_ENUM_CONVERSION = YES;
				CLANG_WARN_INFINITE_RECURSION = YES;
				CLANG_WARN_INT_CONVERSION = YES;
				CLANG_WARN_NON_LITERAL_NULL_CONVERSION = YES;
				CLANG_WARN_OBJC_IMPLICIT_RETAIN_SELF = YES;
				CLANG_WARN_OBJC_LITERAL_CONVERSION = YES;
				CLANG_WARN_OBJC_ROOT_CLASS = YES_ERROR;
				CLANG_WARN_RANGE_LOOP_ANALYSIS = YES;
				CLANG_WARN_STRICT_PROTOTYPES = YES;
				CLANG_WARN_SUSPICIOUS_MOVE = YES;
				CLANG_WARN_UNGUARDED_AVAILABILITY = YES_AGGRESSIVE;
				CLANG_WARN_UNREACHABLE_CODE = YES;
				CLANG_WARN__DUPLICATE_METHOD_MATCH = YES;
				CODE_SIGN_IDENTITY = "iPhone Developer";
				COPY_PHASE_STRIP = NO;
				DEBUG_INFORMATION_FORMAT = "dwarf-with-dsym";
				ENABLE_NS_ASSERTIONS = NO;
				ENABLE_STRICT_OBJC_MSGSEND = YES;
				GCC_C_LANGUAGE_STANDARD = gnu11;
				GCC_NO_COMMON_BLOCKS = YES;
				GCC_WARN_64_TO_32_BIT_CONVERSION = YES;
				GCC_WARN_ABOUT_RETURN_TYPE = YES_ERROR;
				GCC_WARN_UNDECLARED_SELECTOR = YES;
				GCC_WARN_UNINITIALIZED_AUTOS = YES_AGGRESSIVE;
				GCC_WARN_UNUSED_FUNCTION = YES;
				GCC_WARN_UNUSED_VARIABLE = YES;
				IPHONEOS_DEPLOYMENT_TARGET = 12.1;
				MTL_ENABLE_DEBUG_INFO = NO;
				MTL_FAST_MATH = YES;
				SDKROOT = iphoneos;
				SWIFT_COMPILATION_MODE = wholemodule;
				SWIFT_OPTIMIZATION_LEVEL = "-O";
				VALIDATE_PRODUCT = YES;
			};
			name = Release;
		};
		F5DB038A2240979D004B4041 /* Debug */ = {
			isa = XCBuildConfiguration;
			baseConfigurationReference = 37AB27D388DE112131591564 /* Pods-Forest.debug.xcconfig */;
			buildSettings = {
				ASSETCATALOG_COMPILER_APPICON_NAME = AppIcon;
				CLANG_ENABLE_MODULES = YES;
				CODE_SIGN_STYLE = Automatic;
				DEVELOPMENT_TEAM = JT57WV788F;
				INFOPLIST_FILE = "$(SRCROOT)/Forest/Resources/Info.plist";
				LD_RUNPATH_SEARCH_PATHS = (
					"$(inherited)",
					"@executable_path/Frameworks",
				);
				PRODUCT_BUNDLE_IDENTIFIER = "-11skhu.Forest";
				PRODUCT_NAME = "$(TARGET_NAME)";
				SWIFT_INSTALL_OBJC_HEADER = NO;
				SWIFT_OBJC_INTERFACE_HEADER_NAME = "";
				SWIFT_OPTIMIZATION_LEVEL = "-Onone";
				SWIFT_VERSION = 4.2;
				TARGETED_DEVICE_FAMILY = 1;
			};
			name = Debug;
		};
		F5DB038B2240979D004B4041 /* Release */ = {
			isa = XCBuildConfiguration;
			baseConfigurationReference = 27010F7633D9A8BF7CE79559 /* Pods-Forest.release.xcconfig */;
			buildSettings = {
				ASSETCATALOG_COMPILER_APPICON_NAME = AppIcon;
				CLANG_ENABLE_MODULES = YES;
				CODE_SIGN_STYLE = Automatic;
				DEVELOPMENT_TEAM = JT57WV788F;
				INFOPLIST_FILE = "$(SRCROOT)/Forest/Resources/Info.plist";
				LD_RUNPATH_SEARCH_PATHS = (
					"$(inherited)",
					"@executable_path/Frameworks",
				);
				PRODUCT_BUNDLE_IDENTIFIER = "-11skhu.Forest";
				PRODUCT_NAME = "$(TARGET_NAME)";
				SWIFT_INSTALL_OBJC_HEADER = NO;
				SWIFT_OBJC_INTERFACE_HEADER_NAME = "";
				SWIFT_VERSION = 4.2;
				TARGETED_DEVICE_FAMILY = 1;
			};
			name = Release;
		};
/* End XCBuildConfiguration section */

/* Begin XCConfigurationList section */
		F5DB03722240979C004B4041 /* Build configuration list for PBXProject "Forest" */ = {
			isa = XCConfigurationList;
			buildConfigurations = (
				F5DB03872240979D004B4041 /* Debug */,
				F5DB03882240979D004B4041 /* Release */,
			);
			defaultConfigurationIsVisible = 0;
			defaultConfigurationName = Release;
		};
		F5DB03892240979D004B4041 /* Build configuration list for PBXNativeTarget "Forest" */ = {
			isa = XCConfigurationList;
			buildConfigurations = (
				F5DB038A2240979D004B4041 /* Debug */,
				F5DB038B2240979D004B4041 /* Release */,
			);
			defaultConfigurationIsVisible = 0;
			defaultConfigurationName = Release;
		};
/* End XCConfigurationList section */
	};
	rootObject = F5DB036F2240979C004B4041 /* Project object */;
}
